// !$*UTF8*$!
{
	archiveVersion = 1;
	classes = {
	};
	objectVersion = 50;
	objects = {

/* Begin PBXBuildFile section */
		0B04B201BA5A17E0A75B1B19 /* Pods_ParstagramTests.framework in Frameworks */ = {isa = PBXBuildFile; fileRef = 576A0CED4D37582C8E32AEAB /* Pods_ParstagramTests.framework */; };
		6475CB390FD54D92C517A63D /* Pods_Parstagram.framework in Frameworks */ = {isa = PBXBuildFile; fileRef = 7F2283B8FB2B31B2D14692EC /* Pods_Parstagram.framework */; };
		68CDB1C0E6272C96D776793A /* Pods_ParstagramUITests.framework in Frameworks */ = {isa = PBXBuildFile; fileRef = CBF6981DB920317DA3E478DB /* Pods_ParstagramUITests.framework */; };
		C468606322361C2000DB0C8E /* AppDelegate.swift in Sources */ = {isa = PBXBuildFile; fileRef = C468606222361C2000DB0C8E /* AppDelegate.swift */; };
		C468606822361C2000DB0C8E /* Main.storyboard in Resources */ = {isa = PBXBuildFile; fileRef = C468606622361C2000DB0C8E /* Main.storyboard */; };
		C468606A22361C2100DB0C8E /* Assets.xcassets in Resources */ = {isa = PBXBuildFile; fileRef = C468606922361C2100DB0C8E /* Assets.xcassets */; };
		C468606D22361C2100DB0C8E /* LaunchScreen.storyboard in Resources */ = {isa = PBXBuildFile; fileRef = C468606B22361C2100DB0C8E /* LaunchScreen.storyboard */; };
		C468607822361C2100DB0C8E /* ParstagramTests.swift in Sources */ = {isa = PBXBuildFile; fileRef = C468607722361C2100DB0C8E /* ParstagramTests.swift */; };
		C468608322361C2200DB0C8E /* ParstagramUITests.swift in Sources */ = {isa = PBXBuildFile; fileRef = C468608222361C2200DB0C8E /* ParstagramUITests.swift */; };
		C468609122361FF000DB0C8E /* LoginViewController.swift in Sources */ = {isa = PBXBuildFile; fileRef = C468609022361FF000DB0C8E /* LoginViewController.swift */; };
		C46860932236200100DB0C8E /* FeedViewController.swift in Sources */ = {isa = PBXBuildFile; fileRef = C46860922236200100DB0C8E /* FeedViewController.swift */; };
		C468609522362DC700DB0C8E /* CameraViewController.swift in Sources */ = {isa = PBXBuildFile; fileRef = C468609422362DC700DB0C8E /* CameraViewController.swift */; };
		C4E48B092236391E00A7FD42 /* PostTableViewCell.swift in Sources */ = {isa = PBXBuildFile; fileRef = C4E48B082236391E00A7FD42 /* PostTableViewCell.swift */; };
		C4E48B0B223F6B5600A7FD42 /* CommentCell.swift in Sources */ = {isa = PBXBuildFile; fileRef = C4E48B0A223F6B5600A7FD42 /* CommentCell.swift */; };
/* End PBXBuildFile section */

/* Begin PBXContainerItemProxy section */
		C468607422361C2100DB0C8E /* PBXContainerItemProxy */ = {
			isa = PBXContainerItemProxy;
			containerPortal = C468605722361C2000DB0C8E /* Project object */;
			proxyType = 1;
			remoteGlobalIDString = C468605E22361C2000DB0C8E;
			remoteInfo = Parstagram;
		};
		C468607F22361C2200DB0C8E /* PBXContainerItemProxy */ = {
			isa = PBXContainerItemProxy;
			containerPortal = C468605722361C2000DB0C8E /* Project object */;
			proxyType = 1;
			remoteGlobalIDString = C468605E22361C2000DB0C8E;
			remoteInfo = Parstagram;
		};
/* End PBXContainerItemProxy section */

/* Begin PBXFileReference section */
		1356C3D957E792EF764D260F /* Pods-ParstagramUITests.debug.xcconfig */ = {isa = PBXFileReference; includeInIndex = 1; lastKnownFileType = text.xcconfig; name = "Pods-ParstagramUITests.debug.xcconfig"; path = "Target Support Files/Pods-ParstagramUITests/Pods-ParstagramUITests.debug.xcconfig"; sourceTree = "<group>"; };
		18DDE71AE712B5CA1B992FDC /* Pods-ParstagramTests.debug.xcconfig */ = {isa = PBXFileReference; includeInIndex = 1; lastKnownFileType = text.xcconfig; name = "Pods-ParstagramTests.debug.xcconfig"; path = "Target Support Files/Pods-ParstagramTests/Pods-ParstagramTests.debug.xcconfig"; sourceTree = "<group>"; };
		3A0FA8311581EDCDC591DB96 /* Pods-Parstagram.debug.xcconfig */ = {isa = PBXFileReference; includeInIndex = 1; lastKnownFileType = text.xcconfig; name = "Pods-Parstagram.debug.xcconfig"; path = "Target Support Files/Pods-Parstagram/Pods-Parstagram.debug.xcconfig"; sourceTree = "<group>"; };
		40E193EA942D84B66D5FD507 /* Pods-Parstagram.release.xcconfig */ = {isa = PBXFileReference; includeInIndex = 1; lastKnownFileType = text.xcconfig; name = "Pods-Parstagram.release.xcconfig"; path = "Target Support Files/Pods-Parstagram/Pods-Parstagram.release.xcconfig"; sourceTree = "<group>"; };
		576A0CED4D37582C8E32AEAB /* Pods_ParstagramTests.framework */ = {isa = PBXFileReference; explicitFileType = wrapper.framework; includeInIndex = 0; path = Pods_ParstagramTests.framework; sourceTree = BUILT_PRODUCTS_DIR; };
		7F2283B8FB2B31B2D14692EC /* Pods_Parstagram.framework */ = {isa = PBXFileReference; explicitFileType = wrapper.framework; includeInIndex = 0; path = Pods_Parstagram.framework; sourceTree = BUILT_PRODUCTS_DIR; };
		8C7B2BAF2909C69FDAF89B1C /* Pods-ParstagramUITests.release.xcconfig */ = {isa = PBXFileReference; includeInIndex = 1; lastKnownFileType = text.xcconfig; name = "Pods-ParstagramUITests.release.xcconfig"; path = "Target Support Files/Pods-ParstagramUITests/Pods-ParstagramUITests.release.xcconfig"; sourceTree = "<group>"; };
		A298FB09546FCA0F738EBFE6 /* Pods-ParstagramTests.release.xcconfig */ = {isa = PBXFileReference; includeInIndex = 1; lastKnownFileType = text.xcconfig; name = "Pods-ParstagramTests.release.xcconfig"; path = "Target Support Files/Pods-ParstagramTests/Pods-ParstagramTests.release.xcconfig"; sourceTree = "<group>"; };
		C468605F22361C2000DB0C8E /* Parstagram.app */ = {isa = PBXFileReference; explicitFileType = wrapper.application; includeInIndex = 0; path = Parstagram.app; sourceTree = BUILT_PRODUCTS_DIR; };
		C468606222361C2000DB0C8E /* AppDelegate.swift */ = {isa = PBXFileReference; lastKnownFileType = sourcecode.swift; path = AppDelegate.swift; sourceTree = "<group>"; };
		C468606722361C2000DB0C8E /* Base */ = {isa = PBXFileReference; lastKnownFileType = file.storyboard; name = Base; path = Base.lproj/Main.storyboard; sourceTree = "<group>"; };
		C468606922361C2100DB0C8E /* Assets.xcassets */ = {isa = PBXFileReference; lastKnownFileType = folder.assetcatalog; path = Assets.xcassets; sourceTree = "<group>"; };
		C468606C22361C2100DB0C8E /* Base */ = {isa = PBXFileReference; lastKnownFileType = file.storyboard; name = Base; path = Base.lproj/LaunchScreen.storyboard; sourceTree = "<group>"; };
		C468606E22361C2100DB0C8E /* Info.plist */ = {isa = PBXFileReference; lastKnownFileType = text.plist.xml; path = Info.plist; sourceTree = "<group>"; };
		C468607322361C2100DB0C8E /* ParstagramTests.xctest */ = {isa = PBXFileReference; explicitFileType = wrapper.cfbundle; includeInIndex = 0; path = ParstagramTests.xctest; sourceTree = BUILT_PRODUCTS_DIR; };
		C468607722361C2100DB0C8E /* ParstagramTests.swift */ = {isa = PBXFileReference; lastKnownFileType = sourcecode.swift; path = ParstagramTests.swift; sourceTree = "<group>"; };
		C468607922361C2100DB0C8E /* Info.plist */ = {isa = PBXFileReference; lastKnownFileType = text.plist.xml; path = Info.plist; sourceTree = "<group>"; };
		C468607E22361C2200DB0C8E /* ParstagramUITests.xctest */ = {isa = PBXFileReference; explicitFileType = wrapper.cfbundle; includeInIndex = 0; path = ParstagramUITests.xctest; sourceTree = BUILT_PRODUCTS_DIR; };
		C468608222361C2200DB0C8E /* ParstagramUITests.swift */ = {isa = PBXFileReference; lastKnownFileType = sourcecode.swift; path = ParstagramUITests.swift; sourceTree = "<group>"; };
		C468608422361C2200DB0C8E /* Info.plist */ = {isa = PBXFileReference; lastKnownFileType = text.plist.xml; path = Info.plist; sourceTree = "<group>"; };
		C468609022361FF000DB0C8E /* LoginViewController.swift */ = {isa = PBXFileReference; lastKnownFileType = sourcecode.swift; path = LoginViewController.swift; sourceTree = "<group>"; };
		C46860922236200100DB0C8E /* FeedViewController.swift */ = {isa = PBXFileReference; lastKnownFileType = sourcecode.swift; path = FeedViewController.swift; sourceTree = "<group>"; };
		C468609422362DC700DB0C8E /* CameraViewController.swift */ = {isa = PBXFileReference; lastKnownFileType = sourcecode.swift; path = CameraViewController.swift; sourceTree = "<group>"; };
		C4E48B082236391E00A7FD42 /* PostTableViewCell.swift */ = {isa = PBXFileReference; lastKnownFileType = sourcecode.swift; path = PostTableViewCell.swift; sourceTree = "<group>"; };
		C4E48B0A223F6B5600A7FD42 /* CommentCell.swift */ = {isa = PBXFileReference; lastKnownFileType = sourcecode.swift; path = CommentCell.swift; sourceTree = "<group>"; };
		CBF6981DB920317DA3E478DB /* Pods_ParstagramUITests.framework */ = {isa = PBXFileReference; explicitFileType = wrapper.framework; includeInIndex = 0; path = Pods_ParstagramUITests.framework; sourceTree = BUILT_PRODUCTS_DIR; };
/* End PBXFileReference section */

/* Begin PBXFrameworksBuildPhase section */
		C468605C22361C2000DB0C8E /* Frameworks */ = {
			isa = PBXFrameworksBuildPhase;
			buildActionMask = 2147483647;
			files = (
				6475CB390FD54D92C517A63D /* Pods_Parstagram.framework in Frameworks */,
			);
			runOnlyForDeploymentPostprocessing = 0;
		};
		C468607022361C2100DB0C8E /* Frameworks */ = {
			isa = PBXFrameworksBuildPhase;
			buildActionMask = 2147483647;
			files = (
				0B04B201BA5A17E0A75B1B19 /* Pods_ParstagramTests.framework in Frameworks */,
			);
			runOnlyForDeploymentPostprocessing = 0;
		};
		C468607B22361C2200DB0C8E /* Frameworks */ = {
			isa = PBXFrameworksBuildPhase;
			buildActionMask = 2147483647;
			files = (
				68CDB1C0E6272C96D776793A /* Pods_ParstagramUITests.framework in Frameworks */,
			);
			runOnlyForDeploymentPostprocessing = 0;
		};
/* End PBXFrameworksBuildPhase section */

/* Begin PBXGroup section */
		46F028BB64F7F7680AD09473 /* Pods */ = {
			isa = PBXGroup;
			children = (
				3A0FA8311581EDCDC591DB96 /* Pods-Parstagram.debug.xcconfig */,
				40E193EA942D84B66D5FD507 /* Pods-Parstagram.release.xcconfig */,
				18DDE71AE712B5CA1B992FDC /* Pods-ParstagramTests.debug.xcconfig */,
				A298FB09546FCA0F738EBFE6 /* Pods-ParstagramTests.release.xcconfig */,
				1356C3D957E792EF764D260F /* Pods-ParstagramUITests.debug.xcconfig */,
				8C7B2BAF2909C69FDAF89B1C /* Pods-ParstagramUITests.release.xcconfig */,
			);
			path = Pods;
			sourceTree = "<group>";
		};
		B4A3B91F927740B7328B201C /* Frameworks */ = {
			isa = PBXGroup;
			children = (
				7F2283B8FB2B31B2D14692EC /* Pods_Parstagram.framework */,
				576A0CED4D37582C8E32AEAB /* Pods_ParstagramTests.framework */,
				CBF6981DB920317DA3E478DB /* Pods_ParstagramUITests.framework */,
			);
			name = Frameworks;
			sourceTree = "<group>";
		};
		C468605622361C2000DB0C8E = {
			isa = PBXGroup;
			children = (
				C468606122361C2000DB0C8E /* Parstagram */,
				C468607622361C2100DB0C8E /* ParstagramTests */,
				C468608122361C2200DB0C8E /* ParstagramUITests */,
				C468606022361C2000DB0C8E /* Products */,
				46F028BB64F7F7680AD09473 /* Pods */,
				B4A3B91F927740B7328B201C /* Frameworks */,
			);
			sourceTree = "<group>";
		};
		C468606022361C2000DB0C8E /* Products */ = {
			isa = PBXGroup;
			children = (
				C468605F22361C2000DB0C8E /* Parstagram.app */,
				C468607322361C2100DB0C8E /* ParstagramTests.xctest */,
				C468607E22361C2200DB0C8E /* ParstagramUITests.xctest */,
			);
			name = Products;
			sourceTree = "<group>";
		};
		C468606122361C2000DB0C8E /* Parstagram */ = {
			isa = PBXGroup;
			children = (
				C468606222361C2000DB0C8E /* AppDelegate.swift */,
				C468606622361C2000DB0C8E /* Main.storyboard */,
				C4E48B0A223F6B5600A7FD42 /* CommentCell.swift */,
				C468606922361C2100DB0C8E /* Assets.xcassets */,
				C468606B22361C2100DB0C8E /* LaunchScreen.storyboard */,
				C468606E22361C2100DB0C8E /* Info.plist */,
				C468609022361FF000DB0C8E /* LoginViewController.swift */,
				C46860922236200100DB0C8E /* FeedViewController.swift */,
				C468609422362DC700DB0C8E /* CameraViewController.swift */,
				C4E48B082236391E00A7FD42 /* PostTableViewCell.swift */,
			);
			path = Parstagram;
			sourceTree = "<group>";
		};
		C468607622361C2100DB0C8E /* ParstagramTests */ = {
			isa = PBXGroup;
			children = (
				C468607722361C2100DB0C8E /* ParstagramTests.swift */,
				C468607922361C2100DB0C8E /* Info.plist */,
			);
			path = ParstagramTests;
			sourceTree = "<group>";
		};
		C468608122361C2200DB0C8E /* ParstagramUITests */ = {
			isa = PBXGroup;
			children = (
				C468608222361C2200DB0C8E /* ParstagramUITests.swift */,
				C468608422361C2200DB0C8E /* Info.plist */,
			);
			path = ParstagramUITests;
			sourceTree = "<group>";
		};
/* End PBXGroup section */

/* Begin PBXNativeTarget section */
		C468605E22361C2000DB0C8E /* Parstagram */ = {
			isa = PBXNativeTarget;
			buildConfigurationList = C468608722361C2200DB0C8E /* Build configuration list for PBXNativeTarget "Parstagram" */;
			buildPhases = (
				6C9581FBCE5936B8713AC3E6 /* [CP] Check Pods Manifest.lock */,
				C468605B22361C2000DB0C8E /* Sources */,
				C468605C22361C2000DB0C8E /* Frameworks */,
				C468605D22361C2000DB0C8E /* Resources */,
				AC52401C4F5A6B3459AD90B2 /* [CP] Embed Pods Frameworks */,
			);
			buildRules = (
			);
			dependencies = (
			);
			name = Parstagram;
			productName = Parstagram;
			productReference = C468605F22361C2000DB0C8E /* Parstagram.app */;
			productType = "com.apple.product-type.application";
		};
		C468607222361C2100DB0C8E /* ParstagramTests */ = {
			isa = PBXNativeTarget;
			buildConfigurationList = C468608A22361C2200DB0C8E /* Build configuration list for PBXNativeTarget "ParstagramTests" */;
			buildPhases = (
				4966A24D0233A772111CEEDF /* [CP] Check Pods Manifest.lock */,
				C468606F22361C2100DB0C8E /* Sources */,
				C468607022361C2100DB0C8E /* Frameworks */,
				C468607122361C2100DB0C8E /* Resources */,
			);
			buildRules = (
			);
			dependencies = (
				C468607522361C2100DB0C8E /* PBXTargetDependency */,
			);
			name = ParstagramTests;
			productName = ParstagramTests;
			productReference = C468607322361C2100DB0C8E /* ParstagramTests.xctest */;
			productType = "com.apple.product-type.bundle.unit-test";
		};
		C468607D22361C2200DB0C8E /* ParstagramUITests */ = {
			isa = PBXNativeTarget;
			buildConfigurationList = C468608D22361C2200DB0C8E /* Build configuration list for PBXNativeTarget "ParstagramUITests" */;
			buildPhases = (
				7A18B46EB14978CEDA078793 /* [CP] Check Pods Manifest.lock */,
				C468607A22361C2200DB0C8E /* Sources */,
				C468607B22361C2200DB0C8E /* Frameworks */,
				C468607C22361C2200DB0C8E /* Resources */,
			);
			buildRules = (
			);
			dependencies = (
				C468608022361C2200DB0C8E /* PBXTargetDependency */,
			);
			name = ParstagramUITests;
			productName = ParstagramUITests;
			productReference = C468607E22361C2200DB0C8E /* ParstagramUITests.xctest */;
			productType = "com.apple.product-type.bundle.ui-testing";
		};
/* End PBXNativeTarget section */

/* Begin PBXProject section */
		C468605722361C2000DB0C8E /* Project object */ = {
			isa = PBXProject;
			attributes = {
				LastSwiftUpdateCheck = 1010;
				LastUpgradeCheck = 1010;
				ORGANIZATIONNAME = "Alexander Hall";
				TargetAttributes = {
					C468605E22361C2000DB0C8E = {
						CreatedOnToolsVersion = 10.1;
					};
					C468607222361C2100DB0C8E = {
						CreatedOnToolsVersion = 10.1;
						TestTargetID = C468605E22361C2000DB0C8E;
					};
					C468607D22361C2200DB0C8E = {
						CreatedOnToolsVersion = 10.1;
						TestTargetID = C468605E22361C2000DB0C8E;
					};
				};
			};
			buildConfigurationList = C468605A22361C2000DB0C8E /* Build configuration list for PBXProject "Parstagram" */;
			compatibilityVersion = "Xcode 9.3";
			developmentRegion = en;
			hasScannedForEncodings = 0;
			knownRegions = (
				en,
				Base,
			);
			mainGroup = C468605622361C2000DB0C8E;
			productRefGroup = C468606022361C2000DB0C8E /* Products */;
			projectDirPath = "";
			projectRoot = "";
			targets = (
				C468605E22361C2000DB0C8E /* Parstagram */,
				C468607222361C2100DB0C8E /* ParstagramTests */,
				C468607D22361C2200DB0C8E /* ParstagramUITests */,
			);
		};
/* End PBXProject section */

/* Begin PBXResourcesBuildPhase section */
		C468605D22361C2000DB0C8E /* Resources */ = {
			isa = PBXResourcesBuildPhase;
			buildActionMask = 2147483647;
			files = (
				C468606D22361C2100DB0C8E /* LaunchScreen.storyboard in Resources */,
				C468606A22361C2100DB0C8E /* Assets.xcassets in Resources */,
				C468606822361C2000DB0C8E /* Main.storyboard in Resources */,
			);
			runOnlyForDeploymentPostprocessing = 0;
		};
		C468607122361C2100DB0C8E /* Resources */ = {
			isa = PBXResourcesBuildPhase;
			buildActionMask = 2147483647;
			files = (
			);
			runOnlyForDeploymentPostprocessing = 0;
		};
		C468607C22361C2200DB0C8E /* Resources */ = {
			isa = PBXResourcesBuildPhase;
			buildActionMask = 2147483647;
			files = (
			);
			runOnlyForDeploymentPostprocessing = 0;
		};
/* End PBXResourcesBuildPhase section */

/* Begin PBXShellScriptBuildPhase section */
		4966A24D0233A772111CEEDF /* [CP] Check Pods Manifest.lock */ = {
			isa = PBXShellScriptBuildPhase;
			buildActionMask = 2147483647;
			files = (
			);
			inputFileListPaths = (
			);
			inputPaths = (
				"${PODS_PODFILE_DIR_PATH}/Podfile.lock",
				"${PODS_ROOT}/Manifest.lock",
			);
			name = "[CP] Check Pods Manifest.lock";
			outputFileListPaths = (
			);
			outputPaths = (
				"$(DERIVED_FILE_DIR)/Pods-ParstagramTests-checkManifestLockResult.txt",
			);
			runOnlyForDeploymentPostprocessing = 0;
			shellPath = /bin/sh;
			shellScript = "diff \"${PODS_PODFILE_DIR_PATH}/Podfile.lock\" \"${PODS_ROOT}/Manifest.lock\" > /dev/null\nif [ $? != 0 ] ; then\n    # print error to STDERR\n    echo \"error: The sandbox is not in sync with the Podfile.lock. Run 'pod install' or update your CocoaPods installation.\" >&2\n    exit 1\nfi\n# This output is used by Xcode 'outputs' to avoid re-running this script phase.\necho \"SUCCESS\" > \"${SCRIPT_OUTPUT_FILE_0}\"\n";
			showEnvVarsInLog = 0;
		};
		6C9581FBCE5936B8713AC3E6 /* [CP] Check Pods Manifest.lock */ = {
			isa = PBXShellScriptBuildPhase;
			buildActionMask = 2147483647;
			files = (
			);
			inputFileListPaths = (
			);
			inputPaths = (
				"${PODS_PODFILE_DIR_PATH}/Podfile.lock",
				"${PODS_ROOT}/Manifest.lock",
			);
			name = "[CP] Check Pods Manifest.lock";
			outputFileListPaths = (
			);
			outputPaths = (
				"$(DERIVED_FILE_DIR)/Pods-Parstagram-checkManifestLockResult.txt",
			);
			runOnlyForDeploymentPostprocessing = 0;
			shellPath = /bin/sh;
			shellScript = "diff \"${PODS_PODFILE_DIR_PATH}/Podfile.lock\" \"${PODS_ROOT}/Manifest.lock\" > /dev/null\nif [ $? != 0 ] ; then\n    # print error to STDERR\n    echo \"error: The sandbox is not in sync with the Podfile.lock. Run 'pod install' or update your CocoaPods installation.\" >&2\n    exit 1\nfi\n# This output is used by Xcode 'outputs' to avoid re-running this script phase.\necho \"SUCCESS\" > \"${SCRIPT_OUTPUT_FILE_0}\"\n";
			showEnvVarsInLog = 0;
		};
		7A18B46EB14978CEDA078793 /* [CP] Check Pods Manifest.lock */ = {
			isa = PBXShellScriptBuildPhase;
			buildActionMask = 2147483647;
			files = (
			);
			inputFileListPaths = (
			);
			inputPaths = (
				"${PODS_PODFILE_DIR_PATH}/Podfile.lock",
				"${PODS_ROOT}/Manifest.lock",
			);
			name = "[CP] Check Pods Manifest.lock";
			outputFileListPaths = (
			);
			outputPaths = (
				"$(DERIVED_FILE_DIR)/Pods-ParstagramUITests-checkManifestLockResult.txt",
			);
			runOnlyForDeploymentPostprocessing = 0;
			shellPath = /bin/sh;
			shellScript = "diff \"${PODS_PODFILE_DIR_PATH}/Podfile.lock\" \"${PODS_ROOT}/Manifest.lock\" > /dev/null\nif [ $? != 0 ] ; then\n    # print error to STDERR\n    echo \"error: The sandbox is not in sync with the Podfile.lock. Run 'pod install' or update your CocoaPods installation.\" >&2\n    exit 1\nfi\n# This output is used by Xcode 'outputs' to avoid re-running this script phase.\necho \"SUCCESS\" > \"${SCRIPT_OUTPUT_FILE_0}\"\n";
			showEnvVarsInLog = 0;
		};
		AC52401C4F5A6B3459AD90B2 /* [CP] Embed Pods Frameworks */ = {
			isa = PBXShellScriptBuildPhase;
			buildActionMask = 2147483647;
			files = (
			);
			inputFileListPaths = (
			);
			inputPaths = (
				"${PODS_ROOT}/Target Support Files/Pods-Parstagram/Pods-Parstagram-frameworks.sh",
				"${BUILT_PRODUCTS_DIR}/Alamofire/Alamofire.framework",
				"${BUILT_PRODUCTS_DIR}/AlamofireImage/AlamofireImage.framework",
				"${BUILT_PRODUCTS_DIR}/Bolts/Bolts.framework",
				"${BUILT_PRODUCTS_DIR}/MessageInputBar/MessageInputBar.framework",
				"${BUILT_PRODUCTS_DIR}/Parse/Parse.framework",
			);
			name = "[CP] Embed Pods Frameworks";
			outputFileListPaths = (
			);
			outputPaths = (
				"${TARGET_BUILD_DIR}/${FRAMEWORKS_FOLDER_PATH}/Alamofire.framework",
				"${TARGET_BUILD_DIR}/${FRAMEWORKS_FOLDER_PATH}/AlamofireImage.framework",
				"${TARGET_BUILD_DIR}/${FRAMEWORKS_FOLDER_PATH}/Bolts.framework",
				"${TARGET_BUILD_DIR}/${FRAMEWORKS_FOLDER_PATH}/MessageInputBar.framework",
				"${TARGET_BUILD_DIR}/${FRAMEWORKS_FOLDER_PATH}/Parse.framework",
			);
			runOnlyForDeploymentPostprocessing = 0;
			shellPath = /bin/sh;
			shellScript = "\"${PODS_ROOT}/Target Support Files/Pods-Parstagram/Pods-Parstagram-frameworks.sh\"\n";
			showEnvVarsInLog = 0;
		};
/* End PBXShellScriptBuildPhase section */

/* Begin PBXSourcesBuildPhase section */
		C468605B22361C2000DB0C8E /* Sources */ = {
			isa = PBXSourcesBuildPhase;
			buildActionMask = 2147483647;
			files = (
				C468609122361FF000DB0C8E /* LoginViewController.swift in Sources */,
				C468609522362DC700DB0C8E /* CameraViewController.swift in Sources */,
				C4E48B092236391E00A7FD42 /* PostTableViewCell.swift in Sources */,
				C46860932236200100DB0C8E /* FeedViewController.swift in Sources */,
				C468606322361C2000DB0C8E /* AppDelegate.swift in Sources */,
				C4E48B0B223F6B5600A7FD42 /* CommentCell.swift in Sources */,
			);
			runOnlyForDeploymentPostprocessing = 0;
		};
		C468606F22361C2100DB0C8E /* Sources */ = {
			isa = PBXSourcesBuildPhase;
			buildActionMask = 2147483647;
			files = (
				C468607822361C2100DB0C8E /* ParstagramTests.swift in Sources */,
			);
			runOnlyForDeploymentPostprocessing = 0;
		};
		C468607A22361C2200DB0C8E /* Sources */ = {
			isa = PBXSourcesBuildPhase;
			buildActionMask = 2147483647;
			files = (
				C468608322361C2200DB0C8E /* ParstagramUITests.swift in Sources */,
			);
			runOnlyForDeploymentPostprocessing = 0;
		};
/* End PBXSourcesBuildPhase section */

/* Begin PBXTargetDependency section */
		C468607522361C2100DB0C8E /* PBXTargetDependency */ = {
			isa = PBXTargetDependency;
			target = C468605E22361C2000DB0C8E /* Parstagram */;
			targetProxy = C468607422361C2100DB0C8E /* PBXContainerItemProxy */;
		};
		C468608022361C2200DB0C8E /* PBXTargetDependency */ = {
			isa = PBXTargetDependency;
			target = C468605E22361C2000DB0C8E /* Parstagram */;
			targetProxy = C468607F22361C2200DB0C8E /* PBXContainerItemProxy */;
		};
/* End PBXTargetDependency section */

/* Begin PBXVariantGroup section */
		C468606622361C2000DB0C8E /* Main.storyboard */ = {
			isa = PBXVariantGroup;
			children = (
				C468606722361C2000DB0C8E /* Base */,
			);
			name = Main.storyboard;
			sourceTree = "<group>";
		};
		C468606B22361C2100DB0C8E /* LaunchScreen.storyboard */ = {
			isa = PBXVariantGroup;
			children = (
				C468606C22361C2100DB0C8E /* Base */,
			);
			name = LaunchScreen.storyboard;
			sourceTree = "<group>";
		};
/* End PBXVariantGroup section */

/* Begin XCBuildConfiguration section */
		C468608522361C2200DB0C8E /* Debug */ = {
			isa = XCBuildConfiguration;
			buildSettings = {
				ALWAYS_SEARCH_USER_PATHS = NO;
				CLANG_ANALYZER_NONNULL = YES;
				CLANG_ANALYZER_NUMBER_OBJECT_CONVERSION = YES_AGGRESSIVE;
				CLANG_CXX_LANGUAGE_STANDARD = "gnu++14";
				CLANG_CXX_LIBRARY = "libc++";
				CLANG_ENABLE_MODULES = YES;
				CLANG_ENABLE_OBJC_ARC = YES;
				CLANG_ENABLE_OBJC_WEAK = YES;
				CLANG_WARN_BLOCK_CAPTURE_AUTORELEASING = YES;
				CLANG_WARN_BOOL_CONVERSION = YES;
				CLANG_WARN_COMMA = YES;
				CLANG_WARN_CONSTANT_CONVERSION = YES;
				CLANG_WARN_DEPRECATED_OBJC_IMPLEMENTATIONS = YES;
				CLANG_WARN_DIRECT_OBJC_ISA_USAGE = YES_ERROR;
				CLANG_WARN_DOCUMENTATION_COMMENTS = YES;
				CLANG_WARN_EMPTY_BODY = YES;
				CLANG_WARN_ENUM_CONVERSION = YES;
				CLANG_WARN_INFINITE_RECURSION = YES;
				CLANG_WARN_INT_CONVERSION = YES;
				CLANG_WARN_NON_LITERAL_NULL_CONVERSION = YES;
				CLANG_WARN_OBJC_IMPLICIT_RETAIN_SELF = YES;
				CLANG_WARN_OBJC_LITERAL_CONVERSION = YES;
				CLANG_WARN_OBJC_ROOT_CLASS = YES_ERROR;
				CLANG_WARN_RANGE_LOOP_ANALYSIS = YES;
				CLANG_WARN_STRICT_PROTOTYPES = YES;
				CLANG_WARN_SUSPICIOUS_MOVE = YES;
				CLANG_WARN_UNGUARDED_AVAILABILITY = YES_AGGRESSIVE;
				CLANG_WARN_UNREACHABLE_CODE = YES;
				CLANG_WARN__DUPLICATE_METHOD_MATCH = YES;
				CODE_SIGN_IDENTITY = "iPhone Developer";
				COPY_PHASE_STRIP = NO;
				DEBUG_INFORMATION_FORMAT = dwarf;
				ENABLE_STRICT_OBJC_MSGSEND = YES;
				ENABLE_TESTABILITY = YES;
				GCC_C_LANGUAGE_STANDARD = gnu11;
				GCC_DYNAMIC_NO_PIC = NO;
				GCC_NO_COMMON_BLOCKS = YES;
				GCC_OPTIMIZATION_LEVEL = 0;
				GCC_PREPROCESSOR_DEFINITIONS = (
					"DEBUG=1",
					"$(inherited)",
				);
				GCC_WARN_64_TO_32_BIT_CONVERSION = YES;
				GCC_WARN_ABOUT_RETURN_TYPE = YES_ERROR;
				GCC_WARN_UNDECLARED_SELECTOR = YES;
				GCC_WARN_UNINITIALIZED_AUTOS = YES_AGGRESSIVE;
				GCC_WARN_UNUSED_FUNCTION = YES;
				GCC_WARN_UNUSED_VARIABLE = YES;
				IPHONEOS_DEPLOYMENT_TARGET = 12.1;
				MTL_ENABLE_DEBUG_INFO = INCLUDE_SOURCE;
				MTL_FAST_MATH = YES;
				ONLY_ACTIVE_ARCH = YES;
				SDKROOT = iphoneos;
				SWIFT_ACTIVE_COMPILATION_CONDITIONS = DEBUG;
				SWIFT_OPTIMIZATION_LEVEL = "-Onone";
			};
			name = Debug;
		};
		C468608622361C2200DB0C8E /* Release */ = {
			isa = XCBuildConfiguration;
			buildSettings = {
				ALWAYS_SEARCH_USER_PATHS = NO;
				CLANG_ANALYZER_NONNULL = YES;
				CLANG_ANALYZER_NUMBER_OBJECT_CONVERSION = YES_AGGRESSIVE;
				CLANG_CXX_LANGUAGE_STANDARD = "gnu++14";
				CLANG_CXX_LIBRARY = "libc++";
				CLANG_ENABLE_MODULES = YES;
				CLANG_ENABLE_OBJC_ARC = YES;
				CLANG_ENABLE_OBJC_WEAK = YES;
				CLANG_WARN_BLOCK_CAPTURE_AUTORELEASING = YES;
				CLANG_WARN_BOOL_CONVERSION = YES;
				CLANG_WARN_COMMA = YES;
				CLANG_WARN_CONSTANT_CONVERSION = YES;
				CLANG_WARN_DEPRECATED_OBJC_IMPLEMENTATIONS = YES;
				CLANG_WARN_DIRECT_OBJC_ISA_USAGE = YES_ERROR;
				CLANG_WARN_DOCUMENTATION_COMMENTS = YES;
				CLANG_WARN_EMPTY_BODY = YES;
				CLANG_WARN_ENUM_CONVERSION = YES;
				CLANG_WARN_INFINITE_RECURSION = YES;
				CLANG_WARN_INT_CONVERSION = YES;
				CLANG_WARN_NON_LITERAL_NULL_CONVERSION = YES;
				CLANG_WARN_OBJC_IMPLICIT_RETAIN_SELF = YES;
				CLANG_WARN_OBJC_LITERAL_CONVERSION = YES;
				CLANG_WARN_OBJC_ROOT_CLASS = YES_ERROR;
				CLANG_WARN_RANGE_LOOP_ANALYSIS = YES;
				CLANG_WARN_STRICT_PROTOTYPES = YES;
				CLANG_WARN_SUSPICIOUS_MOVE = YES;
				CLANG_WARN_UNGUARDED_AVAILABILITY = YES_AGGRESSIVE;
				CLANG_WARN_UNREACHABLE_CODE = YES;
				CLANG_WARN__DUPLICATE_METHOD_MATCH = YES;
				CODE_SIGN_IDENTITY = "iPhone Developer";
				COPY_PHASE_STRIP = NO;
				DEBUG_INFORMATION_FORMAT = "dwarf-with-dsym";
				ENABLE_NS_ASSERTIONS = NO;
				ENABLE_STRICT_OBJC_MSGSEND = YES;
				GCC_C_LANGUAGE_STANDARD = gnu11;
				GCC_NO_COMMON_BLOCKS = YES;
				GCC_WARN_64_TO_32_BIT_CONVERSION = YES;
				GCC_WARN_ABOUT_RETURN_TYPE = YES_ERROR;
				GCC_WARN_UNDECLARED_SELECTOR = YES;
				GCC_WARN_UNINITIALIZED_AUTOS = YES_AGGRESSIVE;
				GCC_WARN_UNUSED_FUNCTION = YES;
				GCC_WARN_UNUSED_VARIABLE = YES;
				IPHONEOS_DEPLOYMENT_TARGET = 12.1;
				MTL_ENABLE_DEBUG_INFO = NO;
				MTL_FAST_MATH = YES;
				SDKROOT = iphoneos;
				SWIFT_COMPILATION_MODE = wholemodule;
				SWIFT_OPTIMIZATION_LEVEL = "-O";
				VALIDATE_PRODUCT = YES;
			};
			name = Release;
		};
		C468608822361C2200DB0C8E /* Debug */ = {
			isa = XCBuildConfiguration;
			baseConfigurationReference = 3A0FA8311581EDCDC591DB96 /* Pods-Parstagram.debug.xcconfig */;
			buildSettings = {
				ASSETCATALOG_COMPILER_APPICON_NAME = AppIcon;
				CODE_SIGN_STYLE = Automatic;
				INFOPLIST_FILE = Parstagram/Info.plist;
				LD_RUNPATH_SEARCH_PATHS = (
					"$(inherited)",
					"@executable_path/Frameworks",
				);
				PRODUCT_BUNDLE_IDENTIFIER = codepath.Parstagram;
				PRODUCT_NAME = "$(TARGET_NAME)";
				SWIFT_VERSION = 4.2;
				TARGETED_DEVICE_FAMILY = "1,2";
			};
			name = Debug;
		};
		C468608922361C2200DB0C8E /* Release */ = {
			isa = XCBuildConfiguration;
			baseConfigurationReference = 40E193EA942D84B66D5FD507 /* Pods-Parstagram.release.xcconfig */;
			buildSettings = {
				ASSETCATALOG_COMPILER_APPICON_NAME = AppIcon;
				CODE_SIGN_STYLE = Automatic;
				INFOPLIST_FILE = Parstagram/Info.plist;
				LD_RUNPATH_SEARCH_PATHS = (
					"$(inherited)",
					"@executable_path/Frameworks",
				);
				PRODUCT_BUNDLE_IDENTIFIER = codepath.Parstagram;
				PRODUCT_NAME = "$(TARGET_NAME)";
				SWIFT_VERSION = 4.2;
				TARGETED_DEVICE_FAMILY = "1,2";
			};
			name = Release;
		};
		C468608B22361C2200DB0C8E /* Debug */ = {
			isa = XCBuildConfiguration;
			baseConfigurationReference = 18DDE71AE712B5CA1B992FDC /* Pods-ParstagramTests.debug.xcconfig */;
			buildSettings = {
				ALWAYS_EMBED_SWIFT_STANDARD_LIBRARIES = YES;
				BUNDLE_LOADER = "$(TEST_HOST)";
				CODE_SIGN_STYLE = Automatic;
				INFOPLIST_FILE = ParstagramTests/Info.plist;
				LD_RUNPATH_SEARCH_PATHS = (
					"$(inherited)",
					"@executable_path/Frameworks",
					"@loader_path/Frameworks",
				);
				PRODUCT_BUNDLE_IDENTIFIER = codepath.ParstagramTests;
				PRODUCT_NAME = "$(TARGET_NAME)";
				SWIFT_VERSION = 4.2;
				TARGETED_DEVICE_FAMILY = "1,2";
				TEST_HOST = "$(BUILT_PRODUCTS_DIR)/Parstagram.app/Parstagram";
			};
			name = Debug;
		};
		C468608C22361C2200DB0C8E /* Release */ = {
			isa = XCBuildConfiguration;
			baseConfigurationReference = A298FB09546FCA0F738EBFE6 /* Pods-ParstagramTests.release.xcconfig */;
			buildSettings = {
				ALWAYS_EMBED_SWIFT_STANDARD_LIBRARIES = YES;
				BUNDLE_LOADER = "$(TEST_HOST)";
				CODE_SIGN_STYLE = Automatic;
				INFOPLIST_FILE = ParstagramTests/Info.plist;
				LD_RUNPATH_SEARCH_PATHS = (
					"$(inherited)",
					"@executable_path/Frameworks",
					"@loader_path/Frameworks",
				);
				PRODUCT_BUNDLE_IDENTIFIER = codepath.ParstagramTests;
				PRODUCT_NAME = "$(TARGET_NAME)";
				SWIFT_VERSION = 4.2;
				TARGETED_DEVICE_FAMILY = "1,2";
				TEST_HOST = "$(BUILT_PRODUCTS_DIR)/Parstagram.app/Parstagram";
			};
			name = Release;
		};
		C468608E22361C2200DB0C8E /* Debug */ = {
			isa = XCBuildConfiguration;
			baseConfigurationReference = 1356C3D957E792EF764D260F /* Pods-ParstagramUITests.debug.xcconfig */;
			buildSettings = {
				ALWAYS_EMBED_SWIFT_STANDARD_LIBRARIES = YES;
				CODE_SIGN_STYLE = Automatic;
				INFOPLIST_FILE = ParstagramUITests/Info.plist;
				LD_RUNPATH_SEARCH_PATHS = (
					"$(inherited)",
					"@executable_path/Frameworks",
					"@loader_path/Frameworks",
				);
				PRODUCT_BUNDLE_IDENTIFIER = codepath.ParstagramUITests;
				PRODUCT_NAME = "$(TARGET_NAME)";
				SWIFT_VERSION = 4.2;
				TARGETED_DEVICE_FAMILY = "1,2";
				TEST_TARGET_NAME = Parstagram;
			};
			name = Debug;
		};
		C468608F22361C2200DB0C8E /* Release */ = {
			isa = XCBuildConfiguration;
			baseConfigurationReference = 8C7B2BAF2909C69FDAF89B1C /* Pods-ParstagramUITests.release.xcconfig */;
			buildSettings = {
				ALWAYS_EMBED_SWIFT_STANDARD_LIBRARIES = YES;
				CODE_SIGN_STYLE = Automatic;
				INFOPLIST_FILE = ParstagramUITests/Info.plist;
				LD_RUNPATH_SEARCH_PATHS = (
					"$(inherited)",
					"@executable_path/Frameworks",
					"@loader_path/Frameworks",
				);
				PRODUCT_BUNDLE_IDENTIFIER = codepath.ParstagramUITests;
				PRODUCT_NAME = "$(TARGET_NAME)";
				SWIFT_VERSION = 4.2;
				TARGETED_DEVICE_FAMILY = "1,2";
				TEST_TARGET_NAME = Parstagram;
			};
			name = Release;
		};
/* End XCBuildConfiguration section */

/* Begin XCConfigurationList section */
		C468605A22361C2000DB0C8E /* Build configuration list for PBXProject "Parstagram" */ = {
			isa = XCConfigurationList;
			buildConfigurations = (
				C468608522361C2200DB0C8E /* Debug */,
				C468608622361C2200DB0C8E /* Release */,
			);
			defaultConfigurationIsVisible = 0;
			defaultConfigurationName = Release;
		};
		C468608722361C2200DB0C8E /* Build configuration list for PBXNativeTarget "Parstagram" */ = {
			isa = XCConfigurationList;
			buildConfigurations = (
				C468608822361C2200DB0C8E /* Debug */,
				C468608922361C2200DB0C8E /* Release */,
			);
			defaultConfigurationIsVisible = 0;
			defaultConfigurationName = Release;
		};
		C468608A22361C2200DB0C8E /* Build configuration list for PBXNativeTarget "ParstagramTests" */ = {
			isa = XCConfigurationList;
			buildConfigurations = (
				C468608B22361C2200DB0C8E /* Debug */,
				C468608C22361C2200DB0C8E /* Release */,
			);
			defaultConfigurationIsVisible = 0;
			defaultConfigurationName = Release;
		};
		C468608D22361C2200DB0C8E /* Build configuration list for PBXNativeTarget "ParstagramUITests" */ = {
			isa = XCConfigurationList;
			buildConfigurations = (
				C468608E22361C2200DB0C8E /* Debug */,
				C468608F22361C2200DB0C8E /* Release */,
			);
			defaultConfigurationIsVisible = 0;
			defaultConfigurationName = Release;
		};
/* End XCConfigurationList section */
	};
	rootObject = C468605722361C2000DB0C8E /* Project object */;
}
